
Microsoft Visual Studio Solution File, Format Version 12.00
# Visual Studio Version 17
VisualStudioVersion = 17.5.33516.290
MinimumVisualStudioVersion = 10.0.40219.1
Project("{FAE04EC0-301F-11D3-BF4B-00C04F79EFBC}") = "CamposPropriedades", "CamposPropriedades\CamposPropriedades.csproj", "{A108B0DF-B49C-4889-B626-602E6821564A}"
EndProject
Global
	GlobalSection(SolutionConfigurationPlatforms) = preSolution
		Debug|Any CPU = Debug|Any CPU
		Release|Any CPU = Release|Any CPU
	EndGlobalSection
	GlobalSection(ProjectConfigurationPlatforms) = postSolution
		{A108B0DF-B49C-4889-B626-602E6821564A}.Debug|Any CPU.ActiveCfg = Debug|Any CPU
		{A108B0DF-B49C-4889-B626-602E6821564A}.Debug|Any CPU.Build.0 = Debug|Any CPU
		{A108B0DF-B49C-4889-B626-602E6821564A}.Release|Any CPU.ActiveCfg = Release|Any CPU
		{A108B0DF-B49C-4889-B626-602E6821564A}.Release|Any CPU.Build.0 = Release|Any CPU
	EndGlobalSection
	GlobalSection(SolutionProperties) = preSolution
		HideSolutionNode = FALSE
	EndGlobalSection
	GlobalSection(ExtensibilityGlobals) = postSolution
		SolutionGuid = {F2E7B28D-B58F-4958-A40F-1E80BB46B5F0}
	EndGlobalSection
EndGlobal
