
Microsoft Visual Studio Solution File, Format Version 12.00
# Visual Studio Version 17
VisualStudioVersion = 17.5.33516.290
MinimumVisualStudioVersion = 10.0.40219.1
Project("{FAE04EC0-301F-11D3-BF4B-00C04F79EFBC}") = "Test1SQLCE", "Test1SQLCE\Test1SQLCE.csproj", "{D869AE74-D85F-4B85-8C1B-6714B82EFEEB}"
EndProject
Global
	GlobalSection(SolutionConfigurationPlatforms) = preSolution
		Debug|Any CPU = Debug|Any CPU
		Release|Any CPU = Release|Any CPU
	EndGlobalSection
	GlobalSection(ProjectConfigurationPlatforms) = postSolution
		{D869AE74-D85F-4B85-8C1B-6714B82EFEEB}.Debug|Any CPU.ActiveCfg = Debug|Any CPU
		{D869AE74-D85F-4B85-8C1B-6714B82EFEEB}.Debug|Any CPU.Build.0 = Debug|Any CPU
		{D869AE74-D85F-4B85-8C1B-6714B82EFEEB}.Release|Any CPU.ActiveCfg = Release|Any CPU
		{D869AE74-D85F-4B85-8C1B-6714B82EFEEB}.Release|Any CPU.Build.0 = Release|Any CPU
	EndGlobalSection
	GlobalSection(SolutionProperties) = preSolution
		HideSolutionNode = FALSE
	EndGlobalSection
	GlobalSection(ExtensibilityGlobals) = postSolution
		SolutionGuid = {87C6A5BE-1609-4BC9-9C08-1A059C264C85}
	EndGlobalSection
EndGlobal
