
Microsoft Visual Studio Solution File, Format Version 12.00
# Visual Studio Version 17
VisualStudioVersion = 17.5.33516.290
MinimumVisualStudioVersion = 10.0.40219.1
Project("{FAE04EC0-301F-11D3-BF4B-00C04F79EFBC}") = "Cores", "Cores\Cores.csproj", "{BAA829EF-0EBE-44F5-A205-60210636AD09}"
EndProject
Global
	GlobalSection(SolutionConfigurationPlatforms) = preSolution
		Debug|Any CPU = Debug|Any CPU
		Release|Any CPU = Release|Any CPU
	EndGlobalSection
	GlobalSection(ProjectConfigurationPlatforms) = postSolution
		{BAA829EF-0EBE-44F5-A205-60210636AD09}.Debug|Any CPU.ActiveCfg = Debug|Any CPU
		{BAA829EF-0EBE-44F5-A205-60210636AD09}.Debug|Any CPU.Build.0 = Debug|Any CPU
		{BAA829EF-0EBE-44F5-A205-60210636AD09}.Release|Any CPU.ActiveCfg = Release|Any CPU
		{BAA829EF-0EBE-44F5-A205-60210636AD09}.Release|Any CPU.Build.0 = Release|Any CPU
	EndGlobalSection
	GlobalSection(SolutionProperties) = preSolution
		HideSolutionNode = FALSE
	EndGlobalSection
	GlobalSection(ExtensibilityGlobals) = postSolution
		SolutionGuid = {DB7554F1-070B-4492-870A-00A7F055EB9C}
	EndGlobalSection
EndGlobal
