
Microsoft Visual Studio Solution File, Format Version 12.00
# Visual Studio Version 17
VisualStudioVersion = 17.5.33516.290
MinimumVisualStudioVersion = 10.0.40219.1
Project("{FAE04EC0-301F-11D3-BF4B-00C04F79EFBC}") = "LigacaoBD3", "LigacaoBD3\LigacaoBD3.csproj", "{424C09A7-3DE9-411E-A275-1C8D1E759727}"
EndProject
Global
	GlobalSection(SolutionConfigurationPlatforms) = preSolution
		Debug|Any CPU = Debug|Any CPU
		Release|Any CPU = Release|Any CPU
	EndGlobalSection
	GlobalSection(ProjectConfigurationPlatforms) = postSolution
		{424C09A7-3DE9-411E-A275-1C8D1E759727}.Debug|Any CPU.ActiveCfg = Debug|Any CPU
		{424C09A7-3DE9-411E-A275-1C8D1E759727}.Debug|Any CPU.Build.0 = Debug|Any CPU
		{424C09A7-3DE9-411E-A275-1C8D1E759727}.Release|Any CPU.ActiveCfg = Release|Any CPU
		{424C09A7-3DE9-411E-A275-1C8D1E759727}.Release|Any CPU.Build.0 = Release|Any CPU
	EndGlobalSection
	GlobalSection(SolutionProperties) = preSolution
		HideSolutionNode = FALSE
	EndGlobalSection
	GlobalSection(ExtensibilityGlobals) = postSolution
		SolutionGuid = {DEEB7D3A-9666-4BA7-AD5F-C2309CBDED8A}
	EndGlobalSection
EndGlobal
