
Microsoft Visual Studio Solution File, Format Version 12.00
# Visual Studio Version 17
VisualStudioVersion = 17.5.33516.290
MinimumVisualStudioVersion = 10.0.40219.1
Project("{FAE04EC0-301F-11D3-BF4B-00C04F79EFBC}") = "ClasseEstatica", "ClasseEstatica\ClasseEstatica.csproj", "{C6F04B48-F1F4-4D47-B7B9-34982F7F8E7D}"
EndProject
Global
	GlobalSection(SolutionConfigurationPlatforms) = preSolution
		Debug|Any CPU = Debug|Any CPU
		Release|Any CPU = Release|Any CPU
	EndGlobalSection
	GlobalSection(ProjectConfigurationPlatforms) = postSolution
		{C6F04B48-F1F4-4D47-B7B9-34982F7F8E7D}.Debug|Any CPU.ActiveCfg = Debug|Any CPU
		{C6F04B48-F1F4-4D47-B7B9-34982F7F8E7D}.Debug|Any CPU.Build.0 = Debug|Any CPU
		{C6F04B48-F1F4-4D47-B7B9-34982F7F8E7D}.Release|Any CPU.ActiveCfg = Release|Any CPU
		{C6F04B48-F1F4-4D47-B7B9-34982F7F8E7D}.Release|Any CPU.Build.0 = Release|Any CPU
	EndGlobalSection
	GlobalSection(SolutionProperties) = preSolution
		HideSolutionNode = FALSE
	EndGlobalSection
	GlobalSection(ExtensibilityGlobals) = postSolution
		SolutionGuid = {E215CFEF-7A86-424C-B1A4-446C1040F51B}
	EndGlobalSection
EndGlobal
