
Microsoft Visual Studio Solution File, Format Version 12.00
# Visual Studio Version 17
VisualStudioVersion = 17.5.33516.290
MinimumVisualStudioVersion = 10.0.40219.1
Project("{FAE04EC0-301F-11D3-BF4B-00C04F79EFBC}") = "MDIprojeto", "MDIprojeto\MDIprojeto.csproj", "{522B1F53-384C-47E6-827A-E80AA4B2A3C0}"
EndProject
Global
	GlobalSection(SolutionConfigurationPlatforms) = preSolution
		Debug|Any CPU = Debug|Any CPU
		Release|Any CPU = Release|Any CPU
	EndGlobalSection
	GlobalSection(ProjectConfigurationPlatforms) = postSolution
		{522B1F53-384C-47E6-827A-E80AA4B2A3C0}.Debug|Any CPU.ActiveCfg = Debug|Any CPU
		{522B1F53-384C-47E6-827A-E80AA4B2A3C0}.Debug|Any CPU.Build.0 = Debug|Any CPU
		{522B1F53-384C-47E6-827A-E80AA4B2A3C0}.Release|Any CPU.ActiveCfg = Release|Any CPU
		{522B1F53-384C-47E6-827A-E80AA4B2A3C0}.Release|Any CPU.Build.0 = Release|Any CPU
	EndGlobalSection
	GlobalSection(SolutionProperties) = preSolution
		HideSolutionNode = FALSE
	EndGlobalSection
	GlobalSection(ExtensibilityGlobals) = postSolution
		SolutionGuid = {20806B3C-BA85-4921-AA14-19240CE12462}
	EndGlobalSection
EndGlobal
