
Microsoft Visual Studio Solution File, Format Version 12.00
# Visual Studio Version 17
VisualStudioVersion = 17.5.33516.290
MinimumVisualStudioVersion = 10.0.40219.1
Project("{FAE04EC0-301F-11D3-BF4B-00C04F79EFBC}") = "NumerosAleatorios", "NumerosAleatorios\NumerosAleatorios.csproj", "{87238765-0628-407A-8F53-868CE00B3E22}"
EndProject
Global
	GlobalSection(SolutionConfigurationPlatforms) = preSolution
		Debug|Any CPU = Debug|Any CPU
		Release|Any CPU = Release|Any CPU
	EndGlobalSection
	GlobalSection(ProjectConfigurationPlatforms) = postSolution
		{87238765-0628-407A-8F53-868CE00B3E22}.Debug|Any CPU.ActiveCfg = Debug|Any CPU
		{87238765-0628-407A-8F53-868CE00B3E22}.Debug|Any CPU.Build.0 = Debug|Any CPU
		{87238765-0628-407A-8F53-868CE00B3E22}.Release|Any CPU.ActiveCfg = Release|Any CPU
		{87238765-0628-407A-8F53-868CE00B3E22}.Release|Any CPU.Build.0 = Release|Any CPU
	EndGlobalSection
	GlobalSection(SolutionProperties) = preSolution
		HideSolutionNode = FALSE
	EndGlobalSection
	GlobalSection(ExtensibilityGlobals) = postSolution
		SolutionGuid = {6AF4D198-2E3D-4416-B85C-A6D058411C43}
	EndGlobalSection
EndGlobal
