
Microsoft Visual Studio Solution File, Format Version 12.00
# Visual Studio Version 17
VisualStudioVersion = 17.5.33516.290
MinimumVisualStudioVersion = 10.0.40219.1
Project("{FAE04EC0-301F-11D3-BF4B-00C04F79EFBC}") = "AprendencoCSharp1", "AprendencoCSharp1\AprendencoCSharp1.csproj", "{D3F2949C-4C18-42B0-94EB-26498A6E2AEC}"
EndProject
Global
	GlobalSection(SolutionConfigurationPlatforms) = preSolution
		Debug|Any CPU = Debug|Any CPU
		Release|Any CPU = Release|Any CPU
	EndGlobalSection
	GlobalSection(ProjectConfigurationPlatforms) = postSolution
		{D3F2949C-4C18-42B0-94EB-26498A6E2AEC}.Debug|Any CPU.ActiveCfg = Debug|Any CPU
		{D3F2949C-4C18-42B0-94EB-26498A6E2AEC}.Debug|Any CPU.Build.0 = Debug|Any CPU
		{D3F2949C-4C18-42B0-94EB-26498A6E2AEC}.Release|Any CPU.ActiveCfg = Release|Any CPU
		{D3F2949C-4C18-42B0-94EB-26498A6E2AEC}.Release|Any CPU.Build.0 = Release|Any CPU
	EndGlobalSection
	GlobalSection(SolutionProperties) = preSolution
		HideSolutionNode = FALSE
	EndGlobalSection
	GlobalSection(ExtensibilityGlobals) = postSolution
		SolutionGuid = {995A0432-29F9-407C-AE51-AED36660E37E}
	EndGlobalSection
EndGlobal
